{
  "name": "hexbuild",
  "version": "1.0.0",
  "lockfileVersion": 3,
  "requires": true,
  "packages": {
    "": {
      "name": "hexbuild",
      "version": "1.0.0",
      "license": "ISC",
      "dependencies": {
        "@microbit/microbit-fs": "^0.10.0"
      }
    },
    "node_modules/@microbit/microbit-fs": {
      "version": "0.10.0",
      "resolved": "https://registry.npmjs.org/@microbit/microbit-fs/-/microbit-fs-0.10.0.tgz",
      "integrity": "sha512-n6DEVqqaQAL/EDLyXh+1nsdRV16ePFqROeFeNlOoTS23eB8zF8qhA+IaNHRT07sy0zgCGg3YCZgP+zcCIRzP6A==",
      "license": "MIT",
      "dependencies": {
        "@microbit/microbit-universal-hex": "^0.2.2",
        "nrf-intel-hex": "^1.4.0"
      }
    },
    "node_modules/@microbit/microbit-universal-hex": {
      "version": "0.2.2",
      "resolved": "https://registry.npmjs.org/@microbit/microbit-universal-hex/-/microbit-universal-hex-0.2.2.tgz",
      "integrity": "sha512-qyFt8ATgxAyPkNz9Yado4HXEeCctwP/8L1/v2hFLeVUqw/HFqVqV4piJbqRMmyOefMcQ9OyVPhLXjtbKn9063Q==",
      "license": "MIT",
      "engines": {
        "node": ">=8.5",
        "npm": ">=6.0",
        "yarn": "^1.0"
      },
      "peerDependencies": {
        "tslib": ">=1.11.1"
      }
    },
    "node_modules/nrf-intel-hex": {
      "version": "1.4.0",
      "resolved": "https://registry.npmjs.org/nrf-intel-hex/-/nrf-intel-hex-1.4.0.tgz",
      "integrity": "sha512-q3+GGRIpe0VvCjUP1zaqW5rk6IpCZzhD0lu7Sguo1bgWwFcA9kZRjsaKUb0jBQMnefyOl5o0BBGAxvqMqYx8Sg==",
      "license": "BSD",
      "engines": {
        "node": ">=6.0.0"
      }
    },
    "node_modules/tslib": {
      "version": "2.8.1",
      "resolved": "https://registry.npmjs.org/tslib/-/tslib-2.8.1.tgz",
      "integrity": "sha512-oJFu94HQb+KVduSUQL7wnpmqnfmLsOA/nAh6b6EH0wCEoK0/mPeXU6c3wKDV83MkOuHPRHtSXKKU99IBazS/2w==",
      "license": "0BSD",
      "peer": true
    }
  }
}
